// !$*UTF8*$!
{
	archiveVersion = 1;
	classes = {
	};
	objectVersion = 46;
	objects = {

/* Begin PBXBuildFile section */
		4625D50D1FE4738300A00408 /* Movie.swift in Sources */ = {isa = PBXBuildFile; fileRef = 4625D50C1FE4738300A00408 /* Movie.swift */; };
		4625D5101FE48F9800A00408 /* APIClient.swift in Sources */ = {isa = PBXBuildFile; fileRef = 4625D50F1FE48F9800A00408 /* APIClient.swift */; };
		465D47DA1E4794F500271242 /* iconmonstr-iconic-font.ttf in Resources */ = {isa = PBXBuildFile; fileRef = 465D47D91E4794F400271242 /* iconmonstr-iconic-font.ttf */; };
		465D47DC1E47AC8800271242 /* RefreshView.xib in Resources */ = {isa = PBXBuildFile; fileRef = 465D47DB1E47AC8800271242 /* RefreshView.xib */; };
		465D4A0F1E4AD5DF00271242 /* DetailViewController.swift in Sources */ = {isa = PBXBuildFile; fileRef = 465D4A0E1E4AD5DF00271242 /* DetailViewController.swift */; };
		467CBB811E40E11E0012C65C /* AppDelegate.swift in Sources */ = {isa = PBXBuildFile; fileRef = 467CBB801E40E11E0012C65C /* AppDelegate.swift */; };
		467CBB861E40E11E0012C65C /* Main.storyboard in Resources */ = {isa = PBXBuildFile; fileRef = 467CBB841E40E11E0012C65C /* Main.storyboard */; };
		467CBB881E40E11E0012C65C /* Assets.xcassets in Resources */ = {isa = PBXBuildFile; fileRef = 467CBB871E40E11E0012C65C /* Assets.xcassets */; };
		467CBB8B1E40E11E0012C65C /* LaunchScreen.storyboard in Resources */ = {isa = PBXBuildFile; fileRef = 467CBB891E40E11E0012C65C /* LaunchScreen.storyboard */; };
		467CBB931E40E1B10012C65C /* MoviesViewController.swift in Sources */ = {isa = PBXBuildFile; fileRef = 467CBB921E40E1B10012C65C /* MoviesViewController.swift */; };
		467CBB971E412A3D0012C65C /* MovieCell.swift in Sources */ = {isa = PBXBuildFile; fileRef = 467CBB961E412A3D0012C65C /* MovieCell.swift */; };
		469A40271E44F6EE00C2362C /* MovieCollectionViewCell.swift in Sources */ = {isa = PBXBuildFile; fileRef = 469A40261E44F6EE00C2362C /* MovieCollectionViewCell.swift */; };
		46FBE2511E524E7600C55DEC /* Model.swift in Sources */ = {isa = PBXBuildFile; fileRef = 46FBE2501E524E7600C55DEC /* Model.swift */; };
		46FBE2531E525BC600C55DEC /* ReviewTableViewCell.swift in Sources */ = {isa = PBXBuildFile; fileRef = 46FBE2521E525BC600C55DEC /* ReviewTableViewCell.swift */; };
		46FBE2551E525C0E00C55DEC /* ReviewViewController.swift in Sources */ = {isa = PBXBuildFile; fileRef = 46FBE2541E525C0E00C55DEC /* ReviewViewController.swift */; };
		46FBE2571E52850F00C55DEC /* SimilarMovieCollectionViewCell.swift in Sources */ = {isa = PBXBuildFile; fileRef = 46FBE2561E52850E00C55DEC /* SimilarMovieCollectionViewCell.swift */; };
		9C3D1E15143A102AACEFC9FC /* Pods_Flicks.framework in Frameworks */ = {isa = PBXBuildFile; fileRef = 4803A5B13509AED7F854DEF3 /* Pods_Flicks.framework */; };
/* End PBXBuildFile section */

/* Begin PBXFileReference section */
		33D78AF9EAD939E3E68F6F43 /* Pods-Flicks.debug.xcconfig */ = {isa = PBXFileReference; includeInIndex = 1; lastKnownFileType = text.xcconfig; name = "Pods-Flicks.debug.xcconfig"; path = "Pods/Target Support Files/Pods-Flicks/Pods-Flicks.debug.xcconfig"; sourceTree = "<group>"; };
		4625D50C1FE4738300A00408 /* Movie.swift */ = {isa = PBXFileReference; lastKnownFileType = sourcecode.swift; path = Movie.swift; sourceTree = "<group>"; };
		4625D50F1FE48F9800A00408 /* APIClient.swift */ = {isa = PBXFileReference; lastKnownFileType = sourcecode.swift; path = APIClient.swift; sourceTree = "<group>"; };
		465D47D91E4794F400271242 /* iconmonstr-iconic-font.ttf */ = {isa = PBXFileReference; lastKnownFileType = file; path = "iconmonstr-iconic-font.ttf"; sourceTree = "<group>"; };
		465D47DB1E47AC8800271242 /* RefreshView.xib */ = {isa = PBXFileReference; fileEncoding = 4; lastKnownFileType = file.xib; path = RefreshView.xib; sourceTree = "<group>"; };
		465D4A0E1E4AD5DF00271242 /* DetailViewController.swift */ = {isa = PBXFileReference; fileEncoding = 4; lastKnownFileType = sourcecode.swift; path = DetailViewController.swift; sourceTree = "<group>"; };
		467CBB7D1E40E11E0012C65C /* Flicks.app */ = {isa = PBXFileReference; explicitFileType = wrapper.application; includeInIndex = 0; path = Flicks.app; sourceTree = BUILT_PRODUCTS_DIR; };
		467CBB801E40E11E0012C65C /* AppDelegate.swift */ = {isa = PBXFileReference; lastKnownFileType = sourcecode.swift; path = AppDelegate.swift; sourceTree = "<group>"; };
		467CBB851E40E11E0012C65C /* Base */ = {isa = PBXFileReference; lastKnownFileType = file.storyboard; name = Base; path = Base.lproj/Main.storyboard; sourceTree = "<group>"; };
		467CBB871E40E11E0012C65C /* Assets.xcassets */ = {isa = PBXFileReference; lastKnownFileType = folder.assetcatalog; path = Assets.xcassets; sourceTree = "<group>"; };
		467CBB8A1E40E11E0012C65C /* Base */ = {isa = PBXFileReference; lastKnownFileType = file.storyboard; name = Base; path = Base.lproj/LaunchScreen.storyboard; sourceTree = "<group>"; };
		467CBB8C1E40E11E0012C65C /* Info.plist */ = {isa = PBXFileReference; lastKnownFileType = text.plist.xml; path = Info.plist; sourceTree = "<group>"; };
		467CBB921E40E1B10012C65C /* MoviesViewController.swift */ = {isa = PBXFileReference; fileEncoding = 4; lastKnownFileType = sourcecode.swift; path = MoviesViewController.swift; sourceTree = "<group>"; };
		467CBB961E412A3D0012C65C /* MovieCell.swift */ = {isa = PBXFileReference; fileEncoding = 4; lastKnownFileType = sourcecode.swift; path = MovieCell.swift; sourceTree = "<group>"; };
		469A40261E44F6EE00C2362C /* MovieCollectionViewCell.swift */ = {isa = PBXFileReference; fileEncoding = 4; lastKnownFileType = sourcecode.swift; path = MovieCollectionViewCell.swift; sourceTree = "<group>"; };
		46FBE2501E524E7600C55DEC /* Model.swift */ = {isa = PBXFileReference; fileEncoding = 4; lastKnownFileType = sourcecode.swift; path = Model.swift; sourceTree = "<group>"; };
		46FBE2521E525BC600C55DEC /* ReviewTableViewCell.swift */ = {isa = PBXFileReference; fileEncoding = 4; lastKnownFileType = sourcecode.swift; path = ReviewTableViewCell.swift; sourceTree = "<group>"; };
		46FBE2541E525C0E00C55DEC /* ReviewViewController.swift */ = {isa = PBXFileReference; fileEncoding = 4; lastKnownFileType = sourcecode.swift; path = ReviewViewController.swift; sourceTree = "<group>"; };
		46FBE2561E52850E00C55DEC /* SimilarMovieCollectionViewCell.swift */ = {isa = PBXFileReference; fileEncoding = 4; lastKnownFileType = sourcecode.swift; path = SimilarMovieCollectionViewCell.swift; sourceTree = "<group>"; };
		4803A5B13509AED7F854DEF3 /* Pods_Flicks.framework */ = {isa = PBXFileReference; explicitFileType = wrapper.framework; includeInIndex = 0; path = Pods_Flicks.framework; sourceTree = BUILT_PRODUCTS_DIR; };
		FAD87020D60DDFD1747DC667 /* Pods-Flicks.release.xcconfig */ = {isa = PBXFileReference; includeInIndex = 1; lastKnownFileType = text.xcconfig; name = "Pods-Flicks.release.xcconfig"; path = "Pods/Target Support Files/Pods-Flicks/Pods-Flicks.release.xcconfig"; sourceTree = "<group>"; };
/* End PBXFileReference section */

/* Begin PBXFrameworksBuildPhase section */
		467CBB7A1E40E11E0012C65C /* Frameworks */ = {
			isa = PBXFrameworksBuildPhase;
			buildActionMask = 2147483647;
			files = (
				9C3D1E15143A102AACEFC9FC /* Pods_Flicks.framework in Frameworks */,
			);
			runOnlyForDeploymentPostprocessing = 0;
		};
/* End PBXFrameworksBuildPhase section */

/* Begin PBXGroup section */
		22EE8085143D1E3EB65E4EF4 /* Pods */ = {
			isa = PBXGroup;
			children = (
				33D78AF9EAD939E3E68F6F43 /* Pods-Flicks.debug.xcconfig */,
				FAD87020D60DDFD1747DC667 /* Pods-Flicks.release.xcconfig */,
			);
			name = Pods;
			sourceTree = "<group>";
		};
		4625D50E1FE48F8200A00408 /* API */ = {
			isa = PBXGroup;
			children = (
				4625D50F1FE48F9800A00408 /* APIClient.swift */,
			);
			name = API;
			sourceTree = "<group>";
		};
		465D47D81E4794BD00271242 /* Resources */ = {
			isa = PBXGroup;
			children = (
				465D47D91E4794F400271242 /* iconmonstr-iconic-font.ttf */,
			);
			name = Resources;
			sourceTree = "<group>";
		};
		467CBB741E40E11E0012C65C = {
			isa = PBXGroup;
			children = (
				467CBB7F1E40E11E0012C65C /* Flicks */,
				467CBB7E1E40E11E0012C65C /* Products */,
				22EE8085143D1E3EB65E4EF4 /* Pods */,
				9951A66005C1C31D39487825 /* Frameworks */,
			);
			sourceTree = "<group>";
		};
		467CBB7E1E40E11E0012C65C /* Products */ = {
			isa = PBXGroup;
			children = (
				467CBB7D1E40E11E0012C65C /* Flicks.app */,
			);
			name = Products;
			sourceTree = "<group>";
		};
		467CBB7F1E40E11E0012C65C /* Flicks */ = {
			isa = PBXGroup;
			children = (
				4625D50E1FE48F8200A00408 /* API */,
				46FBE24F1E524E5300C55DEC /* Models */,
				467CBB951E412A1E0012C65C /* View Controllers */,
				467CBB941E412A170012C65C /* Views */,
				467CBB801E40E11E0012C65C /* AppDelegate.swift */,
				467CBB841E40E11E0012C65C /* Main.storyboard */,
				467CBB871E40E11E0012C65C /* Assets.xcassets */,
				467CBB891E40E11E0012C65C /* LaunchScreen.storyboard */,
				467CBB8C1E40E11E0012C65C /* Info.plist */,
				465D47D81E4794BD00271242 /* Resources */,
			);
			path = Flicks;
			sourceTree = "<group>";
		};
		467CBB941E412A170012C65C /* Views */ = {
			isa = PBXGroup;
			children = (
				467CBB961E412A3D0012C65C /* MovieCell.swift */,
				469A40261E44F6EE00C2362C /* MovieCollectionViewCell.swift */,
				465D47DB1E47AC8800271242 /* RefreshView.xib */,
				46FBE2521E525BC600C55DEC /* ReviewTableViewCell.swift */,
				46FBE2561E52850E00C55DEC /* SimilarMovieCollectionViewCell.swift */,
			);
			name = Views;
			sourceTree = "<group>";
		};
		467CBB951E412A1E0012C65C /* View Controllers */ = {
			isa = PBXGroup;
			children = (
				467CBB921E40E1B10012C65C /* MoviesViewController.swift */,
				465D4A0E1E4AD5DF00271242 /* DetailViewController.swift */,
				46FBE2541E525C0E00C55DEC /* ReviewViewController.swift */,
			);
			name = "View Controllers";
			sourceTree = "<group>";
		};
		46FBE24F1E524E5300C55DEC /* Models */ = {
			isa = PBXGroup;
			children = (
				46FBE2501E524E7600C55DEC /* Model.swift */,
				4625D50C1FE4738300A00408 /* Movie.swift */,
			);
			name = Models;
			sourceTree = "<group>";
		};
		9951A66005C1C31D39487825 /* Frameworks */ = {
			isa = PBXGroup;
			children = (
				4803A5B13509AED7F854DEF3 /* Pods_Flicks.framework */,
			);
			name = Frameworks;
			sourceTree = "<group>";
		};
/* End PBXGroup section */

/* Begin PBXNativeTarget section */
		467CBB7C1E40E11E0012C65C /* Flicks */ = {
			isa = PBXNativeTarget;
			buildConfigurationList = 467CBB8F1E40E11E0012C65C /* Build configuration list for PBXNativeTarget "Flicks" */;
			buildPhases = (
				15A41C4161E6361BC74DD4B4 /* [CP] Check Pods Manifest.lock */,
				467CBB791E40E11E0012C65C /* Sources */,
				467CBB7A1E40E11E0012C65C /* Frameworks */,
				467CBB7B1E40E11E0012C65C /* Resources */,
				93F2701F0D6520B7E76E5994 /* [CP] Embed Pods Frameworks */,
				A6147742A9C9E641406C24CC /* [CP] Copy Pods Resources */,
			);
			buildRules = (
			);
			dependencies = (
			);
			name = Flicks;
			productName = Flicks;
			productReference = 467CBB7D1E40E11E0012C65C /* Flicks.app */;
			productType = "com.apple.product-type.application";
		};
/* End PBXNativeTarget section */

/* Begin PBXProject section */
		467CBB751E40E11E0012C65C /* Project object */ = {
			isa = PBXProject;
			attributes = {
				LastSwiftUpdateCheck = 0820;
				LastUpgradeCheck = 0900;
				ORGANIZATIONNAME = "Ryuji Mano";
				TargetAttributes = {
					467CBB7C1E40E11E0012C65C = {
						CreatedOnToolsVersion = 8.2.1;
						DevelopmentTeam = 8A4H2873BE;
						LastSwiftMigration = 0900;
						ProvisioningStyle = Automatic;
					};
				};
			};
			buildConfigurationList = 467CBB781E40E11E0012C65C /* Build configuration list for PBXProject "Flicks" */;
			compatibilityVersion = "Xcode 3.2";
			developmentRegion = English;
			hasScannedForEncodings = 0;
			knownRegions = (
				en,
				Base,
			);
			mainGroup = 467CBB741E40E11E0012C65C;
			productRefGroup = 467CBB7E1E40E11E0012C65C /* Products */;
			projectDirPath = "";
			projectRoot = "";
			targets = (
				467CBB7C1E40E11E0012C65C /* Flicks */,
			);
		};
/* End PBXProject section */

/* Begin PBXResourcesBuildPhase section */
		467CBB7B1E40E11E0012C65C /* Resources */ = {
			isa = PBXResourcesBuildPhase;
			buildActionMask = 2147483647;
			files = (
				465D47DA1E4794F500271242 /* iconmonstr-iconic-font.ttf in Resources */,
				467CBB8B1E40E11E0012C65C /* LaunchScreen.storyboard in Resources */,
				467CBB881E40E11E0012C65C /* Assets.xcassets in Resources */,
				467CBB861E40E11E0012C65C /* Main.storyboard in Resources */,
				465D47DC1E47AC8800271242 /* RefreshView.xib in Resources */,
			);
			runOnlyForDeploymentPostprocessing = 0;
		};
/* End PBXResourcesBuildPhase section */

/* Begin PBXShellScriptBuildPhase section */
		15A41C4161E6361BC74DD4B4 /* [CP] Check Pods Manifest.lock */ = {
			isa = PBXShellScriptBuildPhase;
			buildActionMask = 2147483647;
			files = (
			);
			inputPaths = (
			);
			name = "[CP] Check Pods Manifest.lock";
			outputPaths = (
			);
			runOnlyForDeploymentPostprocessing = 0;
			shellPath = /bin/sh;
			shellScript = "diff \"${PODS_ROOT}/../Podfile.lock\" \"${PODS_ROOT}/Manifest.lock\" > /dev/null\nif [ $? != 0 ] ; then\n    # print error to STDERR\n    echo \"error: The sandbox is not in sync with the Podfile.lock. Run 'pod install' or update your CocoaPods installation.\" >&2\n    exit 1\nfi\n";
			showEnvVarsInLog = 0;
		};
		93F2701F0D6520B7E76E5994 /* [CP] Embed Pods Frameworks */ = {
			isa = PBXShellScriptBuildPhase;
			buildActionMask = 2147483647;
			files = (
			);
			inputPaths = (
			);
			name = "[CP] Embed Pods Frameworks";
			outputPaths = (
			);
			runOnlyForDeploymentPostprocessing = 0;
			shellPath = /bin/sh;
			shellScript = "\"${SRCROOT}/Pods/Target Support Files/Pods-Flicks/Pods-Flicks-frameworks.sh\"\n";
			showEnvVarsInLog = 0;
		};
		A6147742A9C9E641406C24CC /* [CP] Copy Pods Resources */ = {
			isa = PBXShellScriptBuildPhase;
			buildActionMask = 2147483647;
			files = (
			);
			inputPaths = (
			);
			name = "[CP] Copy Pods Resources";
			outputPaths = (
			);
			runOnlyForDeploymentPostprocessing = 0;
			shellPath = /bin/sh;
			shellScript = "\"${SRCROOT}/Pods/Target Support Files/Pods-Flicks/Pods-Flicks-resources.sh\"\n";
			showEnvVarsInLog = 0;
		};
/* End PBXShellScriptBuildPhase section */

/* Begin PBXSourcesBuildPhase section */
		467CBB791E40E11E0012C65C /* Sources */ = {
			isa = PBXSourcesBuildPhase;
			buildActionMask = 2147483647;
			files = (
				467CBB811E40E11E0012C65C /* AppDelegate.swift in Sources */,
				467CBB931E40E1B10012C65C /* MoviesViewController.swift in Sources */,
				465D4A0F1E4AD5DF00271242 /* DetailViewController.swift in Sources */,
				46FBE2571E52850F00C55DEC /* SimilarMovieCollectionViewCell.swift in Sources */,
				4625D50D1FE4738300A00408 /* Movie.swift in Sources */,
				4625D5101FE48F9800A00408 /* APIClient.swift in Sources */,
				46FBE2511E524E7600C55DEC /* Model.swift in Sources */,
				467CBB971E412A3D0012C65C /* MovieCell.swift in Sources */,
				46FBE2531E525BC600C55DEC /* ReviewTableViewCell.swift in Sources */,
				46FBE2551E525C0E00C55DEC /* ReviewViewController.swift in Sources */,
				469A40271E44F6EE00C2362C /* MovieCollectionViewCell.swift in Sources */,
			);
			runOnlyForDeploymentPostprocessing = 0;
		};
/* End PBXSourcesBuildPhase section */

/* Begin PBXVariantGroup section */
		467CBB841E40E11E0012C65C /* Main.storyboard */ = {
			isa = PBXVariantGroup;
			children = (
				467CBB851E40E11E0012C65C /* Base */,
			);
			name = Main.storyboard;
			sourceTree = "<group>";
		};
		467CBB891E40E11E0012C65C /* LaunchScreen.storyboard */ = {
			isa = PBXVariantGroup;
			children = (
				467CBB8A1E40E11E0012C65C /* Base */,
			);
			name = LaunchScreen.storyboard;
			sourceTree = "<group>";
		};
/* End PBXVariantGroup section */

/* Begin XCBuildConfiguration section */
		467CBB8D1E40E11E0012C65C /* Debug */ = {
			isa = XCBuildConfiguration;
			buildSettings = {
				ALWAYS_SEARCH_USER_PATHS = NO;
				CLANG_ANALYZER_NONNULL = YES;
				CLANG_CXX_LANGUAGE_STANDARD = "gnu++0x";
				CLANG_CXX_LIBRARY = "libc++";
				CLANG_ENABLE_MODULES = YES;
				CLANG_ENABLE_OBJC_ARC = YES;
				CLANG_WARN_BLOCK_CAPTURE_AUTORELEASING = YES;
				CLANG_WARN_BOOL_CONVERSION = YES;
				CLANG_WARN_COMMA = YES;
				CLANG_WARN_CONSTANT_CONVERSION = YES;
				CLANG_WARN_DIRECT_OBJC_ISA_USAGE = YES_ERROR;
				CLANG_WARN_DOCUMENTATION_COMMENTS = YES;
				CLANG_WARN_EMPTY_BODY = YES;
				CLANG_WARN_ENUM_CONVERSION = YES;
				CLANG_WARN_INFINITE_RECURSION = YES;
				CLANG_WARN_INT_CONVERSION = YES;
				CLANG_WARN_NON_LITERAL_NULL_CONVERSION = YES;
				CLANG_WARN_OBJC_LITERAL_CONVERSION = YES;
				CLANG_WARN_OBJC_ROOT_CLASS = YES_ERROR;
				CLANG_WARN_RANGE_LOOP_ANALYSIS = YES;
				CLANG_WARN_STRICT_PROTOTYPES = YES;
				CLANG_WARN_SUSPICIOUS_MOVE = YES;
				CLANG_WARN_UNREACHABLE_CODE = YES;
				CLANG_WARN__DUPLICATE_METHOD_MATCH = YES;
				"CODE_SIGN_IDENTITY[sdk=iphoneos*]" = "iPhone Developer";
				COPY_PHASE_STRIP = NO;
				DEBUG_INFORMATION_FORMAT = dwarf;
				ENABLE_STRICT_OBJC_MSGSEND = YES;
				ENABLE_TESTABILITY = YES;
				GCC_C_LANGUAGE_STANDARD = gnu99;
				GCC_DYNAMIC_NO_PIC = NO;
				GCC_NO_COMMON_BLOCKS = YES;
				GCC_OPTIMIZATION_LEVEL = 0;
				GCC_PREPROCESSOR_DEFINITIONS = (
					"DEBUG=1",
					"$(inherited)",
				);
				GCC_WARN_64_TO_32_BIT_CONVERSION = YES;
				GCC_WARN_ABOUT_RETURN_TYPE = YES_ERROR;
				GCC_WARN_UNDECLARED_SELECTOR = YES;
				GCC_WARN_UNINITIALIZED_AUTOS = YES_AGGRESSIVE;
				GCC_WARN_UNUSED_FUNCTION = YES;
				GCC_WARN_UNUSED_VARIABLE = YES;
				IPHONEOS_DEPLOYMENT_TARGET = 10.2;
				MTL_ENABLE_DEBUG_INFO = YES;
				ONLY_ACTIVE_ARCH = YES;
				SDKROOT = iphoneos;
				SWIFT_ACTIVE_COMPILATION_CONDITIONS = DEBUG;
				SWIFT_OPTIMIZATION_LEVEL = "-Onone";
			};
			name = Debug;
		};
		467CBB8E1E40E11E0012C65C /* Release */ = {
			isa = XCBuildConfiguration;
			buildSettings = {
				ALWAYS_SEARCH_USER_PATHS = NO;
				CLANG_ANALYZER_NONNULL = YES;
				CLANG_CXX_LANGUAGE_STANDARD = "gnu++0x";
				CLANG_CXX_LIBRARY = "libc++";
				CLANG_ENABLE_MODULES = YES;
				CLANG_ENABLE_OBJC_ARC = YES;
				CLANG_WARN_BLOCK_CAPTURE_AUTORELEASING = YES;
				CLANG_WARN_BOOL_CONVERSION = YES;
				CLANG_WARN_COMMA = YES;
				CLANG_WARN_CONSTANT_CONVERSION = YES;
				CLANG_WARN_DIRECT_OBJC_ISA_USAGE = YES_ERROR;
				CLANG_WARN_DOCUMENTATION_COMMENTS = YES;
				CLANG_WARN_EMPTY_BODY = YES;
				CLANG_WARN_ENUM_CONVERSION = YES;
				CLANG_WARN_INFINITE_RECURSION = YES;
				CLANG_WARN_INT_CONVERSION = YES;
				CLANG_WARN_NON_LITERAL_NULL_CONVERSION = YES;
				CLANG_WARN_OBJC_LITERAL_CONVERSION = YES;
				CLANG_WARN_OBJC_ROOT_CLASS = YES_ERROR;
				CLANG_WARN_RANGE_LOOP_ANALYSIS = YES;
				CLANG_WARN_STRICT_PROTOTYPES = YES;
				CLANG_WARN_SUSPICIOUS_MOVE = YES;
				CLANG_WARN_UNREACHABLE_CODE = YES;
				CLANG_WARN__DUPLICATE_METHOD_MATCH = YES;
				"CODE_SIGN_IDENTITY[sdk=iphoneos*]" = "iPhone Developer";
				COPY_PHASE_STRIP = NO;
				DEBUG_INFORMATION_FORMAT = "dwarf-with-dsym";
				ENABLE_NS_ASSERTIONS = NO;
				ENABLE_STRICT_OBJC_MSGSEND = YES;
				GCC_C_LANGUAGE_STANDARD = gnu99;
				GCC_NO_COMMON_BLOCKS = YES;
				GCC_WARN_64_TO_32_BIT_CONVERSION = YES;
				GCC_WARN_ABOUT_RETURN_TYPE = YES_ERROR;
				GCC_WARN_UNDECLARED_SELECTOR = YES;
				GCC_WARN_UNINITIALIZED_AUTOS = YES_AGGRESSIVE;
				GCC_WARN_UNUSED_FUNCTION = YES;
				GCC_WARN_UNUSED_VARIABLE = YES;
				IPHONEOS_DEPLOYMENT_TARGET = 10.2;
				MTL_ENABLE_DEBUG_INFO = NO;
				SDKROOT = iphoneos;
				SWIFT_OPTIMIZATION_LEVEL = "-Owholemodule";
				VALIDATE_PRODUCT = YES;
			};
			name = Release;
		};
		467CBB901E40E11E0012C65C /* Debug */ = {
			isa = XCBuildConfiguration;
			baseConfigurationReference = 33D78AF9EAD939E3E68F6F43 /* Pods-Flicks.debug.xcconfig */;
			buildSettings = {
				ASSETCATALOG_COMPILER_APPICON_NAME = AppIcon;
				DEVELOPMENT_TEAM = 8A4H2873BE;
				INFOPLIST_FILE = Flicks/Info.plist;
				IPHONEOS_DEPLOYMENT_TARGET = 10.0;
				LD_RUNPATH_SEARCH_PATHS = "$(inherited) @executable_path/Frameworks";
				PRODUCT_BUNDLE_IDENTIFIER = com.ryujimano.Flicks;
				PRODUCT_NAME = "$(TARGET_NAME)";
				SWIFT_SWIFT3_OBJC_INFERENCE = Default;
				SWIFT_VERSION = 4.0;
			};
			name = Debug;
		};
		467CBB911E40E11E0012C65C /* Release */ = {
			isa = XCBuildConfiguration;
			baseConfigurationReference = FAD87020D60DDFD1747DC667 /* Pods-Flicks.release.xcconfig */;
			buildSettings = {
				ASSETCATALOG_COMPILER_APPICON_NAME = AppIcon;
				DEVELOPMENT_TEAM = 8A4H2873BE;
				INFOPLIST_FILE = Flicks/Info.plist;
				IPHONEOS_DEPLOYMENT_TARGET = 10.0;
				LD_RUNPATH_SEARCH_PATHS = "$(inherited) @executable_path/Frameworks";
				PRODUCT_BUNDLE_IDENTIFIER = com.ryujimano.Flicks;
				PRODUCT_NAME = "$(TARGET_NAME)";
				SWIFT_SWIFT3_OBJC_INFERENCE = Default;
				SWIFT_VERSION = 4.0;
			};
			name = Release;
		};
/* End XCBuildConfiguration section */

/* Begin XCConfigurationList section */
		467CBB781E40E11E0012C65C /* Build configuration list for PBXProject "Flicks" */ = {
			isa = XCConfigurationList;
			buildConfigurations = (
				467CBB8D1E40E11E0012C65C /* Debug */,
				467CBB8E1E40E11E0012C65C /* Release */,
			);
			defaultConfigurationIsVisible = 0;
			defaultConfigurationName = Release;
		};
		467CBB8F1E40E11E0012C65C /* Build configuration list for PBXNativeTarget "Flicks" */ = {
			isa = XCConfigurationList;
			buildConfigurations = (
				467CBB901E40E11E0012C65C /* Debug */,
				467CBB911E40E11E0012C65C /* Release */,
			);
			defaultConfigurationIsVisible = 0;
			defaultConfigurationName = Release;
		};
/* End XCConfigurationList section */
	};
	rootObject = 467CBB751E40E11E0012C65C /* Project object */;
}
